Microsoft Visual Studio Solution File, Format Version 10.00
# Visual Studio 2008
Project("{2150E333-8FDC-42A3-9474-1A3956D46DE8}") = "Assembly", "Assembly", "{F744FDAE-A062-4557-B11C-7165A4C7457C}"
EndProject
Project("{FAE04EC0-301F-11D3-BF4B-00C04F79EFBC}") = "Components", "Components\Components.csproj", "{DA995768-8543-44C7-80E5-519AF3984827}"
EndProject
Project("{FAE04EC0-301F-11D3-BF4B-00C04F79EFBC}") = "Provider", "ProviderSQL\Provider.csproj", "{A2DF3516-4D41-465B-8022-165A73143574}"
EndProject
Project("{FAE04EC0-301F-11D3-BF4B-00C04F79EFBC}") = "Web", "Web\Web.csproj", "{AA67A172-FF0F-4C2B-B68A-10E02F9D12AD}"
EndProject
Project("{2150E333-8FDC-42A3-9474-1A3956D46DE8}") = "Solution Items", "Solution Items", "{0E618859-F158-4CEF-90B2-D97E9A598950}"
	ProjectSection(SolutionItems) = preProject
		HairNet2008.vsmdi = HairNet2008.vsmdi
		LocalTestRun.testrunconfig = LocalTestRun.testrunconfig
	EndProjectSection
EndProject
Global
	GlobalSection(TestCaseManagementSettings) = postSolution
		CategoryFile = HairNet2008.vsmdi
	EndGlobalSection
	GlobalSection(SolutionConfigurationPlatforms) = preSolution
		Debug_Local|Any CPU = Debug_Local|Any CPU
		Debug_NoCache|Any CPU = Debug_NoCache|Any CPU
		Debug|Any CPU = Debug|Any CPU
		Release_Local|Any CPU = Release_Local|Any CPU
		Release|Any CPU = Release|Any CPU
	EndGlobalSection
	GlobalSection(ProjectConfigurationPlatforms) = postSolution
		{DA995768-8543-44C7-80E5-519AF3984827}.Debug_Local|Any CPU.ActiveCfg = Debug|Any CPU
		{DA995768-8543-44C7-80E5-519AF3984827}.Debug_Local|Any CPU.Build.0 = Debug|Any CPU
		{DA995768-8543-44C7-80E5-519AF3984827}.Debug_NoCache|Any CPU.ActiveCfg = Debug|Any CPU
		{DA995768-8543-44C7-80E5-519AF3984827}.Debug_NoCache|Any CPU.Build.0 = Debug|Any CPU
		{DA995768-8543-44C7-80E5-519AF3984827}.Debug|Any CPU.ActiveCfg = Debug|Any CPU
		{DA995768-8543-44C7-80E5-519AF3984827}.Debug|Any CPU.Build.0 = Debug|Any CPU
		{DA995768-8543-44C7-80E5-519AF3984827}.Release_Local|Any CPU.ActiveCfg = Release|Any CPU
		{DA995768-8543-44C7-80E5-519AF3984827}.Release_Local|Any CPU.Build.0 = Release|Any CPU
		{DA995768-8543-44C7-80E5-519AF3984827}.Release|Any CPU.ActiveCfg = Release|Any CPU
		{DA995768-8543-44C7-80E5-519AF3984827}.Release|Any CPU.Build.0 = Release|Any CPU
		{A2DF3516-4D41-465B-8022-165A73143574}.Debug_Local|Any CPU.ActiveCfg = Debug|Any CPU
		{A2DF3516-4D41-465B-8022-165A73143574}.Debug_Local|Any CPU.Build.0 = Debug|Any CPU
		{A2DF3516-4D41-465B-8022-165A73143574}.Debug_NoCache|Any CPU.ActiveCfg = Debug|Any CPU
		{A2DF3516-4D41-465B-8022-165A73143574}.Debug_NoCache|Any CPU.Build.0 = Debug|Any CPU
		{A2DF3516-4D41-465B-8022-165A73143574}.Debug|Any CPU.ActiveCfg = Debug|Any CPU
		{A2DF3516-4D41-465B-8022-165A73143574}.Debug|Any CPU.Build.0 = Debug|Any CPU
		{A2DF3516-4D41-465B-8022-165A73143574}.Release_Local|Any CPU.ActiveCfg = Release|Any CPU
		{A2DF3516-4D41-465B-8022-165A73143574}.Release_Local|Any CPU.Build.0 = Release|Any CPU
		{A2DF3516-4D41-465B-8022-165A73143574}.Release|Any CPU.ActiveCfg = Release|Any CPU
		{A2DF3516-4D41-465B-8022-165A73143574}.Release|Any CPU.Build.0 = Release|Any CPU
		{AA67A172-FF0F-4C2B-B68A-10E02F9D12AD}.Debug_Local|Any CPU.ActiveCfg = Debug|Any CPU
		{AA67A172-FF0F-4C2B-B68A-10E02F9D12AD}.Debug_Local|Any CPU.Build.0 = Debug|Any CPU
		{AA67A172-FF0F-4C2B-B68A-10E02F9D12AD}.Debug_NoCache|Any CPU.ActiveCfg = Debug|Any CPU
		{AA67A172-FF0F-4C2B-B68A-10E02F9D12AD}.Debug_NoCache|Any CPU.Build.0 = Debug|Any CPU
		{AA67A172-FF0F-4C2B-B68A-10E02F9D12AD}.Debug|Any CPU.ActiveCfg = Debug|Any CPU
		{AA67A172-FF0F-4C2B-B68A-10E02F9D12AD}.Debug|Any CPU.Build.0 = Debug|Any CPU
		{AA67A172-FF0F-4C2B-B68A-10E02F9D12AD}.Release_Local|Any CPU.ActiveCfg = Release|Any CPU
		{AA67A172-FF0F-4C2B-B68A-10E02F9D12AD}.Release_Local|Any CPU.Build.0 = Release|Any CPU
		{AA67A172-FF0F-4C2B-B68A-10E02F9D12AD}.Release|Any CPU.ActiveCfg = Release|Any CPU
		{AA67A172-FF0F-4C2B-B68A-10E02F9D12AD}.Release|Any CPU.Build.0 = Release|Any CPU
	EndGlobalSection
	GlobalSection(SolutionProperties) = preSolution
		HideSolutionNode = FALSE
	EndGlobalSection
EndGlobal
