Microsoft Visual Studio Solution File, Format Version 9.00
# Visual Studio 2005
Project("{FAE04EC0-301F-11D3-BF4B-00C04F79EFBC}") = "Web", "Web\Web.csproj", "{AA67A172-FF0F-4C2B-B68A-10E02F9D12AD}"
	ProjectSection(WebsiteProperties) = preProject
		Debug.AspNetCompiler.Debug = "True"
		Release.AspNetCompiler.Debug = "False"
	EndProjectSection
EndProject
Global
	GlobalSection(SolutionConfigurationPlatforms) = preSolution
		Debug_Local|Any CPU = Debug_Local|Any CPU
		Debug_NoCache|Any CPU = Debug_NoCache|Any CPU
		Debug|Any CPU = Debug|Any CPU
		Release_Local|Any CPU = Release_Local|Any CPU
		Release|Any CPU = Release|Any CPU
	EndGlobalSection
	GlobalSection(ProjectConfigurationPlatforms) = postSolution
		{AA67A172-FF0F-4C2B-B68A-10E02F9D12AD}.Debug_Local|Any CPU.ActiveCfg = Debug|Any CPU
		{AA67A172-FF0F-4C2B-B68A-10E02F9D12AD}.Debug_Local|Any CPU.Build.0 = Debug|Any CPU
		{AA67A172-FF0F-4C2B-B68A-10E02F9D12AD}.Debug_NoCache|Any CPU.ActiveCfg = Debug|Any CPU
		{AA67A172-FF0F-4C2B-B68A-10E02F9D12AD}.Debug_NoCache|Any CPU.Build.0 = Debug|Any CPU
		{AA67A172-FF0F-4C2B-B68A-10E02F9D12AD}.Debug|Any CPU.ActiveCfg = Debug|Any CPU
		{AA67A172-FF0F-4C2B-B68A-10E02F9D12AD}.Debug|Any CPU.Build.0 = Debug|Any CPU
		{AA67A172-FF0F-4C2B-B68A-10E02F9D12AD}.Release_Local|Any CPU.ActiveCfg = Release|Any CPU
		{AA67A172-FF0F-4C2B-B68A-10E02F9D12AD}.Release_Local|Any CPU.Build.0 = Release|Any CPU
		{AA67A172-FF0F-4C2B-B68A-10E02F9D12AD}.Release|Any CPU.ActiveCfg = Release|Any CPU
		{AA67A172-FF0F-4C2B-B68A-10E02F9D12AD}.Release|Any CPU.Build.0 = Release|Any CPU
	EndGlobalSection
	GlobalSection(SolutionProperties) = preSolution
		HideSolutionNode = FALSE
	EndGlobalSection
EndGlobal
